// !$*UTF8*$!
{
	archiveVersion = 1;
	classes = {
	};
	objectVersion = 46;
	objects = {

/* Begin PBXBuildFile section */
		379A33AC1C1AD3D100A4972C /* AppDelegate.swift in Sources */ = {isa = PBXBuildFile; fileRef = 379A33AB1C1AD3D100A4972C /* AppDelegate.swift */; };
		379A33AE1C1AD3D100A4972C /* ViewController.swift in Sources */ = {isa = PBXBuildFile; fileRef = 379A33AD1C1AD3D100A4972C /* ViewController.swift */; };
		379A33B11C1AD3D100A4972C /* Main.storyboard in Resources */ = {isa = PBXBuildFile; fileRef = 379A33AF1C1AD3D100A4972C /* Main.storyboard */; };
		379A33B31C1AD3D100A4972C /* Assets.xcassets in Resources */ = {isa = PBXBuildFile; fileRef = 379A33B21C1AD3D100A4972C /* Assets.xcassets */; };
		379A33B61C1AD3D100A4972C /* LaunchScreen.storyboard in Resources */ = {isa = PBXBuildFile; fileRef = 379A33B41C1AD3D100A4972C /* LaunchScreen.storyboard */; };
		379A33C11C1AD3D100A4972C /* SampleCAppTests.swift in Sources */ = {isa = PBXBuildFile; fileRef = 379A33C01C1AD3D100A4972C /* SampleCAppTests.swift */; };
		379A33CC1C1AD3D100A4972C /* SampleCAppUITests.swift in Sources */ = {isa = PBXBuildFile; fileRef = 379A33CB1C1AD3D100A4972C /* SampleCAppUITests.swift */; };
/* End PBXBuildFile section */

/* Begin PBXContainerItemProxy section */
		379A33BD1C1AD3D100A4972C /* PBXContainerItemProxy */ = {
			isa = PBXContainerItemProxy;
			containerPortal = 379A33A01C1AD3D100A4972C /* Project object */;
			proxyType = 1;
			remoteGlobalIDString = 379A33A71C1AD3D100A4972C;
			remoteInfo = SampleCApp;
		};
		379A33C81C1AD3D100A4972C /* PBXContainerItemProxy */ = {
			isa = PBXContainerItemProxy;
			containerPortal = 379A33A01C1AD3D100A4972C /* Project object */;
			proxyType = 1;
			remoteGlobalIDString = 379A33A71C1AD3D100A4972C;
			remoteInfo = SampleCApp;
		};
/* End PBXContainerItemProxy section */

/* Begin PBXFileReference section */
		379A33A81C1AD3D100A4972C /* SampleCApp.app */ = {isa = PBXFileReference; explicitFileType = wrapper.application; includeInIndex = 0; path = SampleCApp.app; sourceTree = BUILT_PRODUCTS_DIR; };
		379A33AB1C1AD3D100A4972C /* AppDelegate.swift */ = {isa = PBXFileReference; lastKnownFileType = sourcecode.swift; path = AppDelegate.swift; sourceTree = "<group>"; };
		379A33AD1C1AD3D100A4972C /* ViewController.swift */ = {isa = PBXFileReference; lastKnownFileType = sourcecode.swift; path = ViewController.swift; sourceTree = "<group>"; };
		379A33B01C1AD3D100A4972C /* Base */ = {isa = PBXFileReference; lastKnownFileType = file.storyboard; name = Base; path = Base.lproj/Main.storyboard; sourceTree = "<group>"; };
		379A33B21C1AD3D100A4972C /* Assets.xcassets */ = {isa = PBXFileReference; lastKnownFileType = folder.assetcatalog; path = Assets.xcassets; sourceTree = "<group>"; };
		379A33B51C1AD3D100A4972C /* Base */ = {isa = PBXFileReference; lastKnownFileType = file.storyboard; name = Base; path = Base.lproj/LaunchScreen.storyboard; sourceTree = "<group>"; };
		379A33B71C1AD3D100A4972C /* Info.plist */ = {isa = PBXFileReference; lastKnownFileType = text.plist.xml; path = Info.plist; sourceTree = "<group>"; };
		379A33BC1C1AD3D100A4972C /* SampleCAppTests.xctest */ = {isa = PBXFileReference; explicitFileType = wrapper.cfbundle; includeInIndex = 0; path = SampleCAppTests.xctest; sourceTree = BUILT_PRODUCTS_DIR; };
		379A33C01C1AD3D100A4972C /* SampleCAppTests.swift */ = {isa = PBXFileReference; lastKnownFileType = sourcecode.swift; path = SampleCAppTests.swift; sourceTree = "<group>"; };
		379A33C21C1AD3D100A4972C /* Info.plist */ = {isa = PBXFileReference; lastKnownFileType = text.plist.xml; path = Info.plist; sourceTree = "<group>"; };
		379A33C71C1AD3D100A4972C /* SampleCAppUITests.xctest */ = {isa = PBXFileReference; explicitFileType = wrapper.cfbundle; includeInIndex = 0; path = SampleCAppUITests.xctest; sourceTree = BUILT_PRODUCTS_DIR; };
		379A33CB1C1AD3D100A4972C /* SampleCAppUITests.swift */ = {isa = PBXFileReference; lastKnownFileType = sourcecode.swift; path = SampleCAppUITests.swift; sourceTree = "<group>"; };
		379A33CD1C1AD3D100A4972C /* Info.plist */ = {isa = PBXFileReference; lastKnownFileType = text.plist.xml; path = Info.plist; sourceTree = "<group>"; };
/* End PBXFileReference section */

/* Begin PBXFrameworksBuildPhase section */
		379A33A51C1AD3D100A4972C /* Frameworks */ = {
			isa = PBXFrameworksBuildPhase;
			buildActionMask = 2147483647;
			files = (
			);
			runOnlyForDeploymentPostprocessing = 0;
		};
		379A33B91C1AD3D100A4972C /* Frameworks */ = {
			isa = PBXFrameworksBuildPhase;
			buildActionMask = 2147483647;
			files = (
			);
			runOnlyForDeploymentPostprocessing = 0;
		};
		379A33C41C1AD3D100A4972C /* Frameworks */ = {
			isa = PBXFrameworksBuildPhase;
			buildActionMask = 2147483647;
			files = (
			);
			runOnlyForDeploymentPostprocessing = 0;
		};
/* End PBXFrameworksBuildPhase section */

/* Begin PBXGroup section */
		379A339F1C1AD3D100A4972C = {
			isa = PBXGroup;
			children = (
				379A33AA1C1AD3D100A4972C /* SampleCApp */,
				379A33BF1C1AD3D100A4972C /* SampleCAppTests */,
				379A33CA1C1AD3D100A4972C /* SampleCAppUITests */,
				379A33A91C1AD3D100A4972C /* Products */,
			);
			sourceTree = "<group>";
		};
		379A33A91C1AD3D100A4972C /* Products */ = {
			isa = PBXGroup;
			children = (
				379A33A81C1AD3D100A4972C /* SampleCApp.app */,
				379A33BC1C1AD3D100A4972C /* SampleCAppTests.xctest */,
				379A33C71C1AD3D100A4972C /* SampleCAppUITests.xctest */,
			);
			name = Products;
			sourceTree = "<group>";
		};
		379A33AA1C1AD3D100A4972C /* SampleCApp */ = {
			isa = PBXGroup;
			children = (
				379A33AB1C1AD3D100A4972C /* AppDelegate.swift */,
				379A33AD1C1AD3D100A4972C /* ViewController.swift */,
				379A33AF1C1AD3D100A4972C /* Main.storyboard */,
				379A33B21C1AD3D100A4972C /* Assets.xcassets */,
				379A33B41C1AD3D100A4972C /* LaunchScreen.storyboard */,
				379A33B71C1AD3D100A4972C /* Info.plist */,
			);
			path = SampleCApp;
			sourceTree = "<group>";
		};
		379A33BF1C1AD3D100A4972C /* SampleCAppTests */ = {
			isa = PBXGroup;
			children = (
				379A33C01C1AD3D100A4972C /* SampleCAppTests.swift */,
				379A33C21C1AD3D100A4972C /* Info.plist */,
			);
			path = SampleCAppTests;
			sourceTree = "<group>";
		};
		379A33CA1C1AD3D100A4972C /* SampleCAppUITests */ = {
			isa = PBXGroup;
			children = (
				379A33CB1C1AD3D100A4972C /* SampleCAppUITests.swift */,
				379A33CD1C1AD3D100A4972C /* Info.plist */,
			);
			path = SampleCAppUITests;
			sourceTree = "<group>";
		};
/* End PBXGroup section */

/* Begin PBXNativeTarget section */
		379A33A71C1AD3D100A4972C /* SampleCApp */ = {
			isa = PBXNativeTarget;
			buildConfigurationList = 379A33D01C1AD3D100A4972C /* Build configuration list for PBXNativeTarget "SampleCApp" */;
			buildPhases = (
				379A33A41C1AD3D100A4972C /* Sources */,
				379A33A51C1AD3D100A4972C /* Frameworks */,
				379A33A61C1AD3D100A4972C /* Resources */,
			);
			buildRules = (
			);
			dependencies = (
			);
			name = SampleCApp;
			productName = SampleCApp;
			productReference = 379A33A81C1AD3D100A4972C /* SampleCApp.app */;
			productType = "com.apple.product-type.application";
		};
		379A33BB1C1AD3D100A4972C /* SampleCAppTests */ = {
			isa = PBXNativeTarget;
			buildConfigurationList = 379A33D31C1AD3D100A4972C /* Build configuration list for PBXNativeTarget "SampleCAppTests" */;
			buildPhases = (
				379A33B81C1AD3D100A4972C /* Sources */,
				379A33B91C1AD3D100A4972C /* Frameworks */,
				379A33BA1C1AD3D100A4972C /* Resources */,
			);
			buildRules = (
			);
			dependencies = (
				379A33BE1C1AD3D100A4972C /* PBXTargetDependency */,
			);
			name = SampleCAppTests;
			productName = SampleCAppTests;
			productReference = 379A33BC1C1AD3D100A4972C /* SampleCAppTests.xctest */;
			productType = "com.apple.product-type.bundle.unit-test";
		};
		379A33C61C1AD3D100A4972C /* SampleCAppUITests */ = {
			isa = PBXNativeTarget;
			buildConfigurationList = 379A33D61C1AD3D100A4972C /* Build configuration list for PBXNativeTarget "SampleCAppUITests" */;
			buildPhases = (
				379A33C31C1AD3D100A4972C /* Sources */,
				379A33C41C1AD3D100A4972C /* Frameworks */,
				379A33C51C1AD3D100A4972C /* Resources */,
			);
			buildRules = (
			);
			dependencies = (
				379A33C91C1AD3D100A4972C /* PBXTargetDependency */,
			);
			name = SampleCAppUITests;
			productName = SampleCAppUITests;
			productReference = 379A33C71C1AD3D100A4972C /* SampleCAppUITests.xctest */;
			productType = "com.apple.product-type.bundle.ui-testing";
		};
/* End PBXNativeTarget section */

/* Begin PBXProject section */
		379A33A01C1AD3D100A4972C /* Project object */ = {
			isa = PBXProject;
			attributes = {
				LastSwiftUpdateCheck = 0710;
				LastUpgradeCheck = 0710;
				ORGANIZATIONNAME = "Worawan R";
				TargetAttributes = {
					379A33A71C1AD3D100A4972C = {
						CreatedOnToolsVersion = 7.1.1;
					};
					379A33BB1C1AD3D100A4972C = {
						CreatedOnToolsVersion = 7.1.1;
						TestTargetID = 379A33A71C1AD3D100A4972C;
					};
					379A33C61C1AD3D100A4972C = {
						CreatedOnToolsVersion = 7.1.1;
						TestTargetID = 379A33A71C1AD3D100A4972C;
					};
				};
			};
			buildConfigurationList = 379A33A31C1AD3D100A4972C /* Build configuration list for PBXProject "SampleCApp" */;
			compatibilityVersion = "Xcode 3.2";
			developmentRegion = English;
			hasScannedForEncodings = 0;
			knownRegions = (
				en,
				Base,
			);
			mainGroup = 379A339F1C1AD3D100A4972C;
			productRefGroup = 379A33A91C1AD3D100A4972C /* Products */;
			projectDirPath = "";
			projectRoot = "";
			targets = (
				379A33A71C1AD3D100A4972C /* SampleCApp */,
				379A33BB1C1AD3D100A4972C /* SampleCAppTests */,
				379A33C61C1AD3D100A4972C /* SampleCAppUITests */,
			);
		};
/* End PBXProject section */

/* Begin PBXResourcesBuildPhase section */
		379A33A61C1AD3D100A4972C /* Resources */ = {
			isa = PBXResourcesBuildPhase;
			buildActionMask = 2147483647;
			files = (
				379A33B61C1AD3D100A4972C /* LaunchScreen.storyboard in Resources */,
				379A33B31C1AD3D100A4972C /* Assets.xcassets in Resources */,
				379A33B11C1AD3D100A4972C /* Main.storyboard in Resources */,
			);
			runOnlyForDeploymentPostprocessing = 0;
		};
		379A33BA1C1AD3D100A4972C /* Resources */ = {
			isa = PBXResourcesBuildPhase;
			buildActionMask = 2147483647;
			files = (
			);
			runOnlyForDeploymentPostprocessing = 0;
		};
		379A33C51C1AD3D100A4972C /* Resources */ = {
			isa = PBXResourcesBuildPhase;
			buildActionMask = 2147483647;
			files = (
			);
			runOnlyForDeploymentPostprocessing = 0;
		};
/* End PBXResourcesBuildPhase section */

/* Begin PBXSourcesBuildPhase section */
		379A33A41C1AD3D100A4972C /* Sources */ = {
			isa = PBXSourcesBuildPhase;
			buildActionMask = 2147483647;
			files = (
				379A33AE1C1AD3D100A4972C /* ViewController.swift in Sources */,
				379A33AC1C1AD3D100A4972C /* AppDelegate.swift in Sources */,
			);
			runOnlyForDeploymentPostprocessing = 0;
		};
		379A33B81C1AD3D100A4972C /* Sources */ = {
			isa = PBXSourcesBuildPhase;
			buildActionMask = 2147483647;
			files = (
				379A33C11C1AD3D100A4972C /* SampleCAppTests.swift in Sources */,
			);
			runOnlyForDeploymentPostprocessing = 0;
		};
		379A33C31C1AD3D100A4972C /* Sources */ = {
			isa = PBXSourcesBuildPhase;
			buildActionMask = 2147483647;
			files = (
				379A33CC1C1AD3D100A4972C /* SampleCAppUITests.swift in Sources */,
			);
			runOnlyForDeploymentPostprocessing = 0;
		};
/* End PBXSourcesBuildPhase section */

/* Begin PBXTargetDependency section */
		379A33BE1C1AD3D100A4972C /* PBXTargetDependency */ = {
			isa = PBXTargetDependency;
			target = 379A33A71C1AD3D100A4972C /* SampleCApp */;
			targetProxy = 379A33BD1C1AD3D100A4972C /* PBXContainerItemProxy */;
		};
		379A33C91C1AD3D100A4972C /* PBXTargetDependency */ = {
			isa = PBXTargetDependency;
			target = 379A33A71C1AD3D100A4972C /* SampleCApp */;
			targetProxy = 379A33C81C1AD3D100A4972C /* PBXContainerItemProxy */;
		};
/* End PBXTargetDependency section */

/* Begin PBXVariantGroup section */
		379A33AF1C1AD3D100A4972C /* Main.storyboard */ = {
			isa = PBXVariantGroup;
			children = (
				379A33B01C1AD3D100A4972C /* Base */,
			);
			name = Main.storyboard;
			sourceTree = "<group>";
		};
		379A33B41C1AD3D100A4972C /* LaunchScreen.storyboard */ = {
			isa = PBXVariantGroup;
			children = (
				379A33B51C1AD3D100A4972C /* Base */,
			);
			name = LaunchScreen.storyboard;
			sourceTree = "<group>";
		};
/* End PBXVariantGroup section */

/* Begin XCBuildConfiguration section */
		379A33CE1C1AD3D100A4972C /* Debug */ = {
			isa = XCBuildConfiguration;
			buildSettings = {
				ALWAYS_SEARCH_USER_PATHS = NO;
				CLANG_CXX_LANGUAGE_STANDARD = "gnu++0x";
				CLANG_CXX_LIBRARY = "libc++";
				CLANG_ENABLE_MODULES = YES;
				CLANG_ENABLE_OBJC_ARC = YES;
				CLANG_WARN_BOOL_CONVERSION = YES;
				CLANG_WARN_CONSTANT_CONVERSION = YES;
				CLANG_WARN_DIRECT_OBJC_ISA_USAGE = YES_ERROR;
				CLANG_WARN_EMPTY_BODY = YES;
				CLANG_WARN_ENUM_CONVERSION = YES;
				CLANG_WARN_INT_CONVERSION = YES;
				CLANG_WARN_OBJC_ROOT_CLASS = YES_ERROR;
				CLANG_WARN_UNREACHABLE_CODE = YES;
				CLANG_WARN__DUPLICATE_METHOD_MATCH = YES;
				"CODE_SIGN_IDENTITY[sdk=iphoneos*]" = "iPhone Developer";
				COPY_PHASE_STRIP = NO;
				DEBUG_INFORMATION_FORMAT = dwarf;
				ENABLE_STRICT_OBJC_MSGSEND = YES;
				ENABLE_TESTABILITY = YES;
				GCC_C_LANGUAGE_STANDARD = gnu99;
				GCC_DYNAMIC_NO_PIC = NO;
				GCC_NO_COMMON_BLOCKS = YES;
				GCC_OPTIMIZATION_LEVEL = 0;
				GCC_PREPROCESSOR_DEFINITIONS = (
					"DEBUG=1",
					"$(inherited)",
				);
				GCC_WARN_64_TO_32_BIT_CONVERSION = YES;
				GCC_WARN_ABOUT_RETURN_TYPE = YES_ERROR;
				GCC_WARN_UNDECLARED_SELECTOR = YES;
				GCC_WARN_UNINITIALIZED_AUTOS = YES_AGGRESSIVE;
				GCC_WARN_UNUSED_FUNCTION = YES;
				GCC_WARN_UNUSED_VARIABLE = YES;
				IPHONEOS_DEPLOYMENT_TARGET = 9.1;
				MTL_ENABLE_DEBUG_INFO = YES;
				ONLY_ACTIVE_ARCH = YES;
				SDKROOT = iphoneos;
				SWIFT_OPTIMIZATION_LEVEL = "-Onone";
			};
			name = Debug;
		};
		379A33CF1C1AD3D100A4972C /* Release */ = {
			isa = XCBuildConfiguration;
			buildSettings = {
				ALWAYS_SEARCH_USER_PATHS = NO;
				CLANG_CXX_LANGUAGE_STANDARD = "gnu++0x";
				CLANG_CXX_LIBRARY = "libc++";
				CLANG_ENABLE_MODULES = YES;
				CLANG_ENABLE_OBJC_ARC = YES;
				CLANG_WARN_BOOL_CONVERSION = YES;
				CLANG_WARN_CONSTANT_CONVERSION = YES;
				CLANG_WARN_DIRECT_OBJC_ISA_USAGE = YES_ERROR;
				CLANG_WARN_EMPTY_BODY = YES;
				CLANG_WARN_ENUM_CONVERSION = YES;
				CLANG_WARN_INT_CONVERSION = YES;
				CLANG_WARN_OBJC_ROOT_CLASS = YES_ERROR;
				CLANG_WARN_UNREACHABLE_CODE = YES;
				CLANG_WARN__DUPLICATE_METHOD_MATCH = YES;
				"CODE_SIGN_IDENTITY[sdk=iphoneos*]" = "iPhone Developer";
				COPY_PHASE_STRIP = NO;
				DEBUG_INFORMATION_FORMAT = "dwarf-with-dsym";
				ENABLE_NS_ASSERTIONS = NO;
				ENABLE_STRICT_OBJC_MSGSEND = YES;
				GCC_C_LANGUAGE_STANDARD = gnu99;
				GCC_NO_COMMON_BLOCKS = YES;
				GCC_WARN_64_TO_32_BIT_CONVERSION = YES;
				GCC_WARN_ABOUT_RETURN_TYPE = YES_ERROR;
				GCC_WARN_UNDECLARED_SELECTOR = YES;
				GCC_WARN_UNINITIALIZED_AUTOS = YES_AGGRESSIVE;
				GCC_WARN_UNUSED_FUNCTION = YES;
				GCC_WARN_UNUSED_VARIABLE = YES;
				IPHONEOS_DEPLOYMENT_TARGET = 9.1;
				MTL_ENABLE_DEBUG_INFO = NO;
				SDKROOT = iphoneos;
				VALIDATE_PRODUCT = YES;
			};
			name = Release;
		};
		379A33D11C1AD3D100A4972C /* Debug */ = {
			isa = XCBuildConfiguration;
			buildSettings = {
				ASSETCATALOG_COMPILER_APPICON_NAME = AppIcon;
				INFOPLIST_FILE = SampleCApp/Info.plist;
				LD_RUNPATH_SEARCH_PATHS = "$(inherited) @executable_path/Frameworks";
				PRODUCT_BUNDLE_IDENTIFIER = wr.SampleCApp;
				PRODUCT_NAME = "$(TARGET_NAME)";
			};
			name = Debug;
		};
		379A33D21C1AD3D100A4972C /* Release */ = {
			isa = XCBuildConfiguration;
			buildSettings = {
				ASSETCATALOG_COMPILER_APPICON_NAME = AppIcon;
				INFOPLIST_FILE = SampleCApp/Info.plist;
				LD_RUNPATH_SEARCH_PATHS = "$(inherited) @executable_path/Frameworks";
				PRODUCT_BUNDLE_IDENTIFIER = wr.SampleCApp;
				PRODUCT_NAME = "$(TARGET_NAME)";
			};
			name = Release;
		};
		379A33D41C1AD3D100A4972C /* Debug */ = {
			isa = XCBuildConfiguration;
			buildSettings = {
				BUNDLE_LOADER = "$(TEST_HOST)";
				INFOPLIST_FILE = SampleCAppTests/Info.plist;
				LD_RUNPATH_SEARCH_PATHS = "$(inherited) @executable_path/Frameworks @loader_path/Frameworks";
				PRODUCT_BUNDLE_IDENTIFIER = wr.SampleCAppTests;
				PRODUCT_NAME = "$(TARGET_NAME)";
				TEST_HOST = "$(BUILT_PRODUCTS_DIR)/SampleCApp.app/SampleCApp";
			};
			name = Debug;
		};
		379A33D51C1AD3D100A4972C /* Release */ = {
			isa = XCBuildConfiguration;
			buildSettings = {
				BUNDLE_LOADER = "$(TEST_HOST)";
				INFOPLIST_FILE = SampleCAppTests/Info.plist;
				LD_RUNPATH_SEARCH_PATHS = "$(inherited) @executable_path/Frameworks @loader_path/Frameworks";
				PRODUCT_BUNDLE_IDENTIFIER = wr.SampleCAppTests;
				PRODUCT_NAME = "$(TARGET_NAME)";
				TEST_HOST = "$(BUILT_PRODUCTS_DIR)/SampleCApp.app/SampleCApp";
			};
			name = Release;
		};
		379A33D71C1AD3D100A4972C /* Debug */ = {
			isa = XCBuildConfiguration;
			buildSettings = {
				INFOPLIST_FILE = SampleCAppUITests/Info.plist;
				LD_RUNPATH_SEARCH_PATHS = "$(inherited) @executable_path/Frameworks @loader_path/Frameworks";
				PRODUCT_BUNDLE_IDENTIFIER = wr.SampleCAppUITests;
				PRODUCT_NAME = "$(TARGET_NAME)";
				TEST_TARGET_NAME = SampleCApp;
				USES_XCTRUNNER = YES;
			};
			name = Debug;
		};
		379A33D81C1AD3D100A4972C /* Release */ = {
			isa = XCBuildConfiguration;
			buildSettings = {
				INFOPLIST_FILE = SampleCAppUITests/Info.plist;
				LD_RUNPATH_SEARCH_PATHS = "$(inherited) @executable_path/Frameworks @loader_path/Frameworks";
				PRODUCT_BUNDLE_IDENTIFIER = wr.SampleCAppUITests;
				PRODUCT_NAME = "$(TARGET_NAME)";
				TEST_TARGET_NAME = SampleCApp;
				USES_XCTRUNNER = YES;
			};
			name = Release;
		};
/* End XCBuildConfiguration section */

/* Begin XCConfigurationList section */
		379A33A31C1AD3D100A4972C /* Build configuration list for PBXProject "SampleCApp" */ = {
			isa = XCConfigurationList;
			buildConfigurations = (
				379A33CE1C1AD3D100A4972C /* Debug */,
				379A33CF1C1AD3D100A4972C /* Release */,
			);
			defaultConfigurationIsVisible = 0;
			defaultConfigurationName = Release;
		};
		379A33D01C1AD3D100A4972C /* Build configuration list for PBXNativeTarget "SampleCApp" */ = {
			isa = XCConfigurationList;
			buildConfigurations = (
				379A33D11C1AD3D100A4972C /* Debug */,
				379A33D21C1AD3D100A4972C /* Release */,
			);
			defaultConfigurationIsVisible = 0;
		};
		379A33D31C1AD3D100A4972C /* Build configuration list for PBXNativeTarget "SampleCAppTests" */ = {
			isa = XCConfigurationList;
			buildConfigurations = (
				379A33D41C1AD3D100A4972C /* Debug */,
				379A33D51C1AD3D100A4972C /* Release */,
			);
			defaultConfigurationIsVisible = 0;
		};
		379A33D61C1AD3D100A4972C /* Build configuration list for PBXNativeTarget "SampleCAppUITests" */ = {
			isa = XCConfigurationList;
			buildConfigurations = (
				379A33D71C1AD3D100A4972C /* Debug */,
				379A33D81C1AD3D100A4972C /* Release */,
			);
			defaultConfigurationIsVisible = 0;
		};
/* End XCConfigurationList section */
	};
	rootObject = 379A33A01C1AD3D100A4972C /* Project object */;
}
